Microsoft Visual Studio Solution File, Format Version 12.00
# Visual Studio Version 17
VisualStudioVersion = 17.0.31903.59
MinimumVisualStudioVersion = 10.0.40219.1
Project("{FAE04EC0-301F-11D3-BF4B-00C04F79EFBC}") = "AmazonMusicRateSwitcher.Gui", "src\AmazonMusicRateSwitcher.Gui\AmazonMusicRateSwitcher.Gui.csproj", "{6E0A631A-3DA4-49CA-92DD-1825A1FE646E}"
EndProject
Project("{FAE04EC0-301F-11D3-BF4B-00C04F79EFBC}") = "AmazonMusicRateSwitcher.Gui.Tests", "tests\AmazonMusicRateSwitcher.Gui.Tests\AmazonMusicRateSwitcher.Gui.Tests.csproj", "{9EDB8191-C646-47C0-8498-689EC171A856}"
EndProject
Global
	GlobalSection(SolutionConfigurationPlatforms) = preSolution
		Debug|Any CPU = Debug|Any CPU
		Release|Any CPU = Release|Any CPU
	EndGlobalSection
	GlobalSection(ProjectConfigurationPlatforms) = postSolution
		{6E0A631A-3DA4-49CA-92DD-1825A1FE646E}.Debug|Any CPU.ActiveCfg = Debug|Any CPU
		{6E0A631A-3DA4-49CA-92DD-1825A1FE646E}.Debug|Any CPU.Build.0 = Debug|Any CPU
		{6E0A631A-3DA4-49CA-92DD-1825A1FE646E}.Release|Any CPU.ActiveCfg = Release|Any CPU
		{6E0A631A-3DA4-49CA-92DD-1825A1FE646E}.Release|Any CPU.Build.0 = Release|Any CPU
		{9EDB8191-C646-47C0-8498-689EC171A856}.Debug|Any CPU.ActiveCfg = Debug|Any CPU
		{9EDB8191-C646-47C0-8498-689EC171A856}.Debug|Any CPU.Build.0 = Debug|Any CPU
		{9EDB8191-C646-47C0-8498-689EC171A856}.Release|Any CPU.ActiveCfg = Release|Any CPU
		{9EDB8191-C646-47C0-8498-689EC171A856}.Release|Any CPU.Build.0 = Release|Any CPU
	EndGlobalSection
EndGlobal
